// !$*UTF8*$!
{
	archiveVersion = 1;
	classes = {
	};
	objectVersion = 50;
	objects = {

/* Begin PBXBuildFile section */
		4568866A2175B0E7006178D7 /* AppDelegate.swift in Sources */ = {isa = PBXBuildFile; fileRef = 456886692175B0E7006178D7 /* AppDelegate.swift */; };
		4568866C2175B0E7006178D7 /* ViewController.swift in Sources */ = {isa = PBXBuildFile; fileRef = 4568866B2175B0E7006178D7 /* ViewController.swift */; };
		4568866F2175B0E7006178D7 /* Main.storyboard in Resources */ = {isa = PBXBuildFile; fileRef = 4568866D2175B0E7006178D7 /* Main.storyboard */; };
		456886712175B0E8006178D7 /* Assets.xcassets in Resources */ = {isa = PBXBuildFile; fileRef = 456886702175B0E8006178D7 /* Assets.xcassets */; };
		456886742175B0E8006178D7 /* LaunchScreen.storyboard in Resources */ = {isa = PBXBuildFile; fileRef = 456886722175B0E8006178D7 /* LaunchScreen.storyboard */; };
		4568867D2175B0FB006178D7 /* CVImageHelper.swift in Sources */ = {isa = PBXBuildFile; fileRef = 4568867C2175B0FB006178D7 /* CVImageHelper.swift */; };
		4568867F2175BECC006178D7 /* beach.png in Resources */ = {isa = PBXBuildFile; fileRef = 4568867E2175BECC006178D7 /* beach.png */; };
/* End PBXBuildFile section */

/* Begin PBXFileReference section */
		456886662175B0E7006178D7 /* CVImageHelper.app */ = {isa = PBXFileReference; explicitFileType = wrapper.application; includeInIndex = 0; path = CVImageHelper.app; sourceTree = BUILT_PRODUCTS_DIR; };
		456886692175B0E7006178D7 /* AppDelegate.swift */ = {isa = PBXFileReference; lastKnownFileType = sourcecode.swift; path = AppDelegate.swift; sourceTree = "<group>"; };
		4568866B2175B0E7006178D7 /* ViewController.swift */ = {isa = PBXFileReference; lastKnownFileType = sourcecode.swift; path = ViewController.swift; sourceTree = "<group>"; };
		4568866E2175B0E7006178D7 /* Base */ = {isa = PBXFileReference; lastKnownFileType = file.storyboard; name = Base; path = Base.lproj/Main.storyboard; sourceTree = "<group>"; };
		456886702175B0E8006178D7 /* Assets.xcassets */ = {isa = PBXFileReference; lastKnownFileType = folder.assetcatalog; path = Assets.xcassets; sourceTree = "<group>"; };
		456886732175B0E8006178D7 /* Base */ = {isa = PBXFileReference; lastKnownFileType = file.storyboard; name = Base; path = Base.lproj/LaunchScreen.storyboard; sourceTree = "<group>"; };
		456886752175B0E8006178D7 /* Info.plist */ = {isa = PBXFileReference; lastKnownFileType = text.plist.xml; path = Info.plist; sourceTree = "<group>"; };
		4568867C2175B0FB006178D7 /* CVImageHelper.swift */ = {isa = PBXFileReference; lastKnownFileType = sourcecode.swift; path = CVImageHelper.swift; sourceTree = "<group>"; };
		4568867E2175BECC006178D7 /* beach.png */ = {isa = PBXFileReference; lastKnownFileType = image.png; path = beach.png; sourceTree = "<group>"; };
/* End PBXFileReference section */

/* Begin PBXFrameworksBuildPhase section */
		456886632175B0E7006178D7 /* Frameworks */ = {
			isa = PBXFrameworksBuildPhase;
			buildActionMask = 2147483647;
			files = (
			);
			runOnlyForDeploymentPostprocessing = 0;
		};
/* End PBXFrameworksBuildPhase section */

/* Begin PBXGroup section */
		4568865D2175B0E7006178D7 = {
			isa = PBXGroup;
			children = (
				456886682175B0E7006178D7 /* CVImageHelper */,
				456886672175B0E7006178D7 /* Products */,
			);
			sourceTree = "<group>";
		};
		456886672175B0E7006178D7 /* Products */ = {
			isa = PBXGroup;
			children = (
				456886662175B0E7006178D7 /* CVImageHelper.app */,
			);
			name = Products;
			sourceTree = "<group>";
		};
		456886682175B0E7006178D7 /* CVImageHelper */ = {
			isa = PBXGroup;
			children = (
				4568867E2175BECC006178D7 /* beach.png */,
				456886692175B0E7006178D7 /* AppDelegate.swift */,
				4568866B2175B0E7006178D7 /* ViewController.swift */,
				4568867B2175B0F1006178D7 /* CVImageHelper */,
				4568866D2175B0E7006178D7 /* Main.storyboard */,
				456886702175B0E8006178D7 /* Assets.xcassets */,
				456886722175B0E8006178D7 /* LaunchScreen.storyboard */,
				456886752175B0E8006178D7 /* Info.plist */,
			);
			path = CVImageHelper;
			sourceTree = "<group>";
		};
		4568867B2175B0F1006178D7 /* CVImageHelper */ = {
			isa = PBXGroup;
			children = (
				4568867C2175B0FB006178D7 /* CVImageHelper.swift */,
			);
			path = CVImageHelper;
			sourceTree = "<group>";
		};
/* End PBXGroup section */

/* Begin PBXNativeTarget section */
		456886652175B0E7006178D7 /* CVImageHelper */ = {
			isa = PBXNativeTarget;
			buildConfigurationList = 456886782175B0E8006178D7 /* Build configuration list for PBXNativeTarget "CVImageHelper" */;
			buildPhases = (
				456886622175B0E7006178D7 /* Sources */,
				456886632175B0E7006178D7 /* Frameworks */,
				456886642175B0E7006178D7 /* Resources */,
			);
			buildRules = (
			);
			dependencies = (
			);
			name = CVImageHelper;
			productName = CVImageHelper;
			productReference = 456886662175B0E7006178D7 /* CVImageHelper.app */;
			productType = "com.apple.product-type.application";
		};
/* End PBXNativeTarget section */

/* Begin PBXProject section */
		4568865E2175B0E7006178D7 /* Project object */ = {
			isa = PBXProject;
			attributes = {
				LastSwiftUpdateCheck = 1000;
				LastUpgradeCheck = 1000;
				ORGANIZATIONNAME = com.caven;
				TargetAttributes = {
					456886652175B0E7006178D7 = {
						CreatedOnToolsVersion = 10.0;
					};
				};
			};
			buildConfigurationList = 456886612175B0E7006178D7 /* Build configuration list for PBXProject "CVImageHelper" */;
			compatibilityVersion = "Xcode 9.3";
			developmentRegion = en;
			hasScannedForEncodings = 0;
			knownRegions = (
				en,
				Base,
			);
			mainGroup = 4568865D2175B0E7006178D7;
			productRefGroup = 456886672175B0E7006178D7 /* Products */;
			projectDirPath = "";
			projectRoot = "";
			targets = (
				456886652175B0E7006178D7 /* CVImageHelper */,
			);
		};
/* End PBXProject section */

/* Begin PBXResourcesBuildPhase section */
		456886642175B0E7006178D7 /* Resources */ = {
			isa = PBXResourcesBuildPhase;
			buildActionMask = 2147483647;
			files = (
				456886742175B0E8006178D7 /* LaunchScreen.storyboard in Resources */,
				456886712175B0E8006178D7 /* Assets.xcassets in Resources */,
				4568866F2175B0E7006178D7 /* Main.storyboard in Resources */,
				4568867F2175BECC006178D7 /* beach.png in Resources */,
			);
			runOnlyForDeploymentPostprocessing = 0;
		};
/* End PBXResourcesBuildPhase section */

/* Begin PBXSourcesBuildPhase section */
		456886622175B0E7006178D7 /* Sources */ = {
			isa = PBXSourcesBuildPhase;
			buildActionMask = 2147483647;
			files = (
				4568866C2175B0E7006178D7 /* ViewController.swift in Sources */,
				4568867D2175B0FB006178D7 /* CVImageHelper.swift in Sources */,
				4568866A2175B0E7006178D7 /* AppDelegate.swift in Sources */,
			);
			runOnlyForDeploymentPostprocessing = 0;
		};
/* End PBXSourcesBuildPhase section */

/* Begin PBXVariantGroup section */
		4568866D2175B0E7006178D7 /* Main.storyboard */ = {
			isa = PBXVariantGroup;
			children = (
				4568866E2175B0E7006178D7 /* Base */,
			);
			name = Main.storyboard;
			sourceTree = "<group>";
		};
		456886722175B0E8006178D7 /* LaunchScreen.storyboard */ = {
			isa = PBXVariantGroup;
			children = (
				456886732175B0E8006178D7 /* Base */,
			);
			name = LaunchScreen.storyboard;
			sourceTree = "<group>";
		};
/* End PBXVariantGroup section */

/* Begin XCBuildConfiguration section */
		456886762175B0E8006178D7 /* Debug */ = {
			isa = XCBuildConfiguration;
			buildSettings = {
				ALWAYS_SEARCH_USER_PATHS = NO;
				CLANG_ANALYZER_NONNULL = YES;
				CLANG_ANALYZER_NUMBER_OBJECT_CONVERSION = YES_AGGRESSIVE;
				CLANG_CXX_LANGUAGE_STANDARD = "gnu++14";
				CLANG_CXX_LIBRARY = "libc++";
				CLANG_ENABLE_MODULES = YES;
				CLANG_ENABLE_OBJC_ARC = YES;
				CLANG_ENABLE_OBJC_WEAK = YES;
				CLANG_WARN_BLOCK_CAPTURE_AUTORELEASING = YES;
				CLANG_WARN_BOOL_CONVERSION = YES;
				CLANG_WARN_COMMA = YES;
				CLANG_WARN_CONSTANT_CONVERSION = YES;
				CLANG_WARN_DEPRECATED_OBJC_IMPLEMENTATIONS = YES;
				CLANG_WARN_DIRECT_OBJC_ISA_USAGE = YES_ERROR;
				CLANG_WARN_DOCUMENTATION_COMMENTS = YES;
				CLANG_WARN_EMPTY_BODY = YES;
				CLANG_WARN_ENUM_CONVERSION = YES;
				CLANG_WARN_INFINITE_RECURSION = YES;
				CLANG_WARN_INT_CONVERSION = YES;
				CLANG_WARN_NON_LITERAL_NULL_CONVERSION = YES;
				CLANG_WARN_OBJC_IMPLICIT_RETAIN_SELF = YES;
				CLANG_WARN_OBJC_LITERAL_CONVERSION = YES;
				CLANG_WARN_OBJC_ROOT_CLASS = YES_ERROR;
				CLANG_WARN_RANGE_LOOP_ANALYSIS = YES;
				CLANG_WARN_STRICT_PROTOTYPES = YES;
				CLANG_WARN_SUSPICIOUS_MOVE = YES;
				CLANG_WARN_UNGUARDED_AVAILABILITY = YES_AGGRESSIVE;
				CLANG_WARN_UNREACHABLE_CODE = YES;
				CLANG_WARN__DUPLICATE_METHOD_MATCH = YES;
				CODE_SIGN_IDENTITY = "iPhone Developer";
				COPY_PHASE_STRIP = NO;
				DEBUG_INFORMATION_FORMAT = dwarf;
				ENABLE_STRICT_OBJC_MSGSEND = YES;
				ENABLE_TESTABILITY = YES;
				GCC_C_LANGUAGE_STANDARD = gnu11;
				GCC_DYNAMIC_NO_PIC = NO;
				GCC_NO_COMMON_BLOCKS = YES;
				GCC_OPTIMIZATION_LEVEL = 0;
				GCC_PREPROCESSOR_DEFINITIONS = (
					"DEBUG=1",
					"$(inherited)",
				);
				GCC_WARN_64_TO_32_BIT_CONVERSION = YES;
				GCC_WARN_ABOUT_RETURN_TYPE = YES_ERROR;
				GCC_WARN_UNDECLARED_SELECTOR = YES;
				GCC_WARN_UNINITIALIZED_AUTOS = YES_AGGRESSIVE;
				GCC_WARN_UNUSED_FUNCTION = YES;
				GCC_WARN_UNUSED_VARIABLE = YES;
				IPHONEOS_DEPLOYMENT_TARGET = 12.0;
				MTL_ENABLE_DEBUG_INFO = INCLUDE_SOURCE;
				MTL_FAST_MATH = YES;
				ONLY_ACTIVE_ARCH = YES;
				SDKROOT = iphoneos;
				SWIFT_ACTIVE_COMPILATION_CONDITIONS = DEBUG;
				SWIFT_OPTIMIZATION_LEVEL = "-Onone";
			};
			name = Debug;
		};
		456886772175B0E8006178D7 /* Release */ = {
			isa = XCBuildConfiguration;
			buildSettings = {
				ALWAYS_SEARCH_USER_PATHS = NO;
				CLANG_ANALYZER_NONNULL = YES;
				CLANG_ANALYZER_NUMBER_OBJECT_CONVERSION = YES_AGGRESSIVE;
				CLANG_CXX_LANGUAGE_STANDARD = "gnu++14";
				CLANG_CXX_LIBRARY = "libc++";
				CLANG_ENABLE_MODULES = YES;
				CLANG_ENABLE_OBJC_ARC = YES;
				CLANG_ENABLE_OBJC_WEAK = YES;
				CLANG_WARN_BLOCK_CAPTURE_AUTORELEASING = YES;
				CLANG_WARN_BOOL_CONVERSION = YES;
				CLANG_WARN_COMMA = YES;
				CLANG_WARN_CONSTANT_CONVERSION = YES;
				CLANG_WARN_DEPRECATED_OBJC_IMPLEMENTATIONS = YES;
				CLANG_WARN_DIRECT_OBJC_ISA_USAGE = YES_ERROR;
				CLANG_WARN_DOCUMENTATION_COMMENTS = YES;
				CLANG_WARN_EMPTY_BODY = YES;
				CLANG_WARN_ENUM_CONVERSION = YES;
				CLANG_WARN_INFINITE_RECURSION = YES;
				CLANG_WARN_INT_CONVERSION = YES;
				CLANG_WARN_NON_LITERAL_NULL_CONVERSION = YES;
				CLANG_WARN_OBJC_IMPLICIT_RETAIN_SELF = YES;
				CLANG_WARN_OBJC_LITERAL_CONVERSION = YES;
				CLANG_WARN_OBJC_ROOT_CLASS = YES_ERROR;
				CLANG_WARN_RANGE_LOOP_ANALYSIS = YES;
				CLANG_WARN_STRICT_PROTOTYPES = YES;
				CLANG_WARN_SUSPICIOUS_MOVE = YES;
				CLANG_WARN_UNGUARDED_AVAILABILITY = YES_AGGRESSIVE;
				CLANG_WARN_UNREACHABLE_CODE = YES;
				CLANG_WARN__DUPLICATE_METHOD_MATCH = YES;
				CODE_SIGN_IDENTITY = "iPhone Developer";
				COPY_PHASE_STRIP = NO;
				DEBUG_INFORMATION_FORMAT = "dwarf-with-dsym";
				ENABLE_NS_ASSERTIONS = NO;
				ENABLE_STRICT_OBJC_MSGSEND = YES;
				GCC_C_LANGUAGE_STANDARD = gnu11;
				GCC_NO_COMMON_BLOCKS = YES;
				GCC_WARN_64_TO_32_BIT_CONVERSION = YES;
				GCC_WARN_ABOUT_RETURN_TYPE = YES_ERROR;
				GCC_WARN_UNDECLARED_SELECTOR = YES;
				GCC_WARN_UNINITIALIZED_AUTOS = YES_AGGRESSIVE;
				GCC_WARN_UNUSED_FUNCTION = YES;
				GCC_WARN_UNUSED_VARIABLE = YES;
				IPHONEOS_DEPLOYMENT_TARGET = 12.0;
				MTL_ENABLE_DEBUG_INFO = NO;
				MTL_FAST_MATH = YES;
				SDKROOT = iphoneos;
				SWIFT_COMPILATION_MODE = wholemodule;
				SWIFT_OPTIMIZATION_LEVEL = "-O";
				VALIDATE_PRODUCT = YES;
			};
			name = Release;
		};
		456886792175B0E8006178D7 /* Debug */ = {
			isa = XCBuildConfiguration;
			buildSettings = {
				ASSETCATALOG_COMPILER_APPICON_NAME = AppIcon;
				CODE_SIGN_STYLE = Automatic;
				INFOPLIST_FILE = CVImageHelper/Info.plist;
				IPHONEOS_DEPLOYMENT_TARGET = 8.0;
				LD_RUNPATH_SEARCH_PATHS = (
					"$(inherited)",
					"@executable_path/Frameworks",
				);
				PRODUCT_BUNDLE_IDENTIFIER = com.caven.CVImageHelper;
				PRODUCT_NAME = "$(TARGET_NAME)";
				SWIFT_VERSION = 4.2;
				TARGETED_DEVICE_FAMILY = "1,2";
			};
			name = Debug;
		};
		4568867A2175B0E8006178D7 /* Release */ = {
			isa = XCBuildConfiguration;
			buildSettings = {
				ASSETCATALOG_COMPILER_APPICON_NAME = AppIcon;
				CODE_SIGN_STYLE = Automatic;
				INFOPLIST_FILE = CVImageHelper/Info.plist;
				IPHONEOS_DEPLOYMENT_TARGET = 8.0;
				LD_RUNPATH_SEARCH_PATHS = (
					"$(inherited)",
					"@executable_path/Frameworks",
				);
				PRODUCT_BUNDLE_IDENTIFIER = com.caven.CVImageHelper;
				PRODUCT_NAME = "$(TARGET_NAME)";
				SWIFT_VERSION = 4.2;
				TARGETED_DEVICE_FAMILY = "1,2";
			};
			name = Release;
		};
/* End XCBuildConfiguration section */

/* Begin XCConfigurationList section */
		456886612175B0E7006178D7 /* Build configuration list for PBXProject "CVImageHelper" */ = {
			isa = XCConfigurationList;
			buildConfigurations = (
				456886762175B0E8006178D7 /* Debug */,
				456886772175B0E8006178D7 /* Release */,
			);
			defaultConfigurationIsVisible = 0;
			defaultConfigurationName = Release;
		};
		456886782175B0E8006178D7 /* Build configuration list for PBXNativeTarget "CVImageHelper" */ = {
			isa = XCConfigurationList;
			buildConfigurations = (
				456886792175B0E8006178D7 /* Debug */,
				4568867A2175B0E8006178D7 /* Release */,
			);
			defaultConfigurationIsVisible = 0;
			defaultConfigurationName = Release;
		};
/* End XCConfigurationList section */
	};
	rootObject = 4568865E2175B0E7006178D7 /* Project object */;
}
